// !$*UTF8*$!
{
	archiveVersion = 1;
	classes = {
	};
	objectVersion = 50;
	objects = {

/* Begin PBXBuildFile section */
		71DC0615259D4FD7002BAA81 /* AppDelegate.swift in Sources */ = {isa = PBXBuildFile; fileRef = 71DC0614259D4FD7002BAA81 /* AppDelegate.swift */; };
		71DC0617259D4FD7002BAA81 /* SceneDelegate.swift in Sources */ = {isa = PBXBuildFile; fileRef = 71DC0616259D4FD7002BAA81 /* SceneDelegate.swift */; };
		71DC0619259D4FD7002BAA81 /* ViewController.swift in Sources */ = {isa = PBXBuildFile; fileRef = 71DC0618259D4FD7002BAA81 /* ViewController.swift */; };
		71DC061C259D4FD7002BAA81 /* Main.storyboard in Resources */ = {isa = PBXBuildFile; fileRef = 71DC061A259D4FD7002BAA81 /* Main.storyboard */; };
		71DC061E259D4FDA002BAA81 /* Assets.xcassets in Resources */ = {isa = PBXBuildFile; fileRef = 71DC061D259D4FDA002BAA81 /* Assets.xcassets */; };
		71DC0621259D4FDA002BAA81 /* LaunchScreen.storyboard in Resources */ = {isa = PBXBuildFile; fileRef = 71DC061F259D4FDA002BAA81 /* LaunchScreen.storyboard */; };
		71DC062A259D5638002BAA81 /* UIView+Extension.swift in Sources */ = {isa = PBXBuildFile; fileRef = 71DC0629259D5638002BAA81 /* UIView+Extension.swift */; };
/* End PBXBuildFile section */

/* Begin PBXFileReference section */
		71DC0611259D4FD7002BAA81 /* Speech13.app */ = {isa = PBXFileReference; explicitFileType = wrapper.application; includeInIndex = 0; path = Speech13.app; sourceTree = BUILT_PRODUCTS_DIR; };
		71DC0614259D4FD7002BAA81 /* AppDelegate.swift */ = {isa = PBXFileReference; lastKnownFileType = sourcecode.swift; path = AppDelegate.swift; sourceTree = "<group>"; };
		71DC0616259D4FD7002BAA81 /* SceneDelegate.swift */ = {isa = PBXFileReference; lastKnownFileType = sourcecode.swift; path = SceneDelegate.swift; sourceTree = "<group>"; };
		71DC0618259D4FD7002BAA81 /* ViewController.swift */ = {isa = PBXFileReference; lastKnownFileType = sourcecode.swift; path = ViewController.swift; sourceTree = "<group>"; };
		71DC061B259D4FD7002BAA81 /* Base */ = {isa = PBXFileReference; lastKnownFileType = file.storyboard; name = Base; path = Base.lproj/Main.storyboard; sourceTree = "<group>"; };
		71DC061D259D4FDA002BAA81 /* Assets.xcassets */ = {isa = PBXFileReference; lastKnownFileType = folder.assetcatalog; path = Assets.xcassets; sourceTree = "<group>"; };
		71DC0620259D4FDA002BAA81 /* Base */ = {isa = PBXFileReference; lastKnownFileType = file.storyboard; name = Base; path = Base.lproj/LaunchScreen.storyboard; sourceTree = "<group>"; };
		71DC0622259D4FDA002BAA81 /* Info.plist */ = {isa = PBXFileReference; lastKnownFileType = text.plist.xml; path = Info.plist; sourceTree = "<group>"; };
		71DC0629259D5638002BAA81 /* UIView+Extension.swift */ = {isa = PBXFileReference; lastKnownFileType = sourcecode.swift; path = "UIView+Extension.swift"; sourceTree = "<group>"; };
/* End PBXFileReference section */

/* Begin PBXFrameworksBuildPhase section */
		71DC060E259D4FD7002BAA81 /* Frameworks */ = {
			isa = PBXFrameworksBuildPhase;
			buildActionMask = 2147483647;
			files = (
			);
			runOnlyForDeploymentPostprocessing = 0;
		};
/* End PBXFrameworksBuildPhase section */

/* Begin PBXGroup section */
		71DC0608259D4FD7002BAA81 = {
			isa = PBXGroup;
			children = (
				71DC0613259D4FD7002BAA81 /* Speech13 */,
				71DC0612259D4FD7002BAA81 /* Products */,
			);
			sourceTree = "<group>";
		};
		71DC0612259D4FD7002BAA81 /* Products */ = {
			isa = PBXGroup;
			children = (
				71DC0611259D4FD7002BAA81 /* Speech13.app */,
			);
			name = Products;
			sourceTree = "<group>";
		};
		71DC0613259D4FD7002BAA81 /* Speech13 */ = {
			isa = PBXGroup;
			children = (
				71DC0614259D4FD7002BAA81 /* AppDelegate.swift */,
				71DC0616259D4FD7002BAA81 /* SceneDelegate.swift */,
				71DC0618259D4FD7002BAA81 /* ViewController.swift */,
				71DC061A259D4FD7002BAA81 /* Main.storyboard */,
				71DC061D259D4FDA002BAA81 /* Assets.xcassets */,
				71DC061F259D4FDA002BAA81 /* LaunchScreen.storyboard */,
				71DC0628259D55D6002BAA81 /* Extensions */,
				71DC0622259D4FDA002BAA81 /* Info.plist */,
			);
			path = Speech13;
			sourceTree = "<group>";
		};
		71DC0628259D55D6002BAA81 /* Extensions */ = {
			isa = PBXGroup;
			children = (
				71DC0629259D5638002BAA81 /* UIView+Extension.swift */,
			);
			path = Extensions;
			sourceTree = "<group>";
		};
/* End PBXGroup section */

/* Begin PBXNativeTarget section */
		71DC0610259D4FD7002BAA81 /* Speech13 */ = {
			isa = PBXNativeTarget;
			buildConfigurationList = 71DC0625259D4FDA002BAA81 /* Build configuration list for PBXNativeTarget "Speech13" */;
			buildPhases = (
				71DC060D259D4FD7002BAA81 /* Sources */,
				71DC060E259D4FD7002BAA81 /* Frameworks */,
				71DC060F259D4FD7002BAA81 /* Resources */,
			);
			buildRules = (
			);
			dependencies = (
			);
			name = Speech13;
			productName = Speech13;
			productReference = 71DC0611259D4FD7002BAA81 /* Speech13.app */;
			productType = "com.apple.product-type.application";
		};
/* End PBXNativeTarget section */

/* Begin PBXProject section */
		71DC0609259D4FD7002BAA81 /* Project object */ = {
			isa = PBXProject;
			attributes = {
				LastSwiftUpdateCheck = 1160;
				LastUpgradeCheck = 1160;
				ORGANIZATIONNAME = TTDP;
				TargetAttributes = {
					71DC0610259D4FD7002BAA81 = {
						CreatedOnToolsVersion = 11.6;
					};
				};
			};
			buildConfigurationList = 71DC060C259D4FD7002BAA81 /* Build configuration list for PBXProject "Speech13" */;
			compatibilityVersion = "Xcode 9.3";
			developmentRegion = en;
			hasScannedForEncodings = 0;
			knownRegions = (
				en,
				Base,
			);
			mainGroup = 71DC0608259D4FD7002BAA81;
			productRefGroup = 71DC0612259D4FD7002BAA81 /* Products */;
			projectDirPath = "";
			projectRoot = "";
			targets = (
				71DC0610259D4FD7002BAA81 /* Speech13 */,
			);
		};
/* End PBXProject section */

/* Begin PBXResourcesBuildPhase section */
		71DC060F259D4FD7002BAA81 /* Resources */ = {
			isa = PBXResourcesBuildPhase;
			buildActionMask = 2147483647;
			files = (
				71DC0621259D4FDA002BAA81 /* LaunchScreen.storyboard in Resources */,
				71DC061E259D4FDA002BAA81 /* Assets.xcassets in Resources */,
				71DC061C259D4FD7002BAA81 /* Main.storyboard in Resources */,
			);
			runOnlyForDeploymentPostprocessing = 0;
		};
/* End PBXResourcesBuildPhase section */

/* Begin PBXSourcesBuildPhase section */
		71DC060D259D4FD7002BAA81 /* Sources */ = {
			isa = PBXSourcesBuildPhase;
			buildActionMask = 2147483647;
			files = (
				71DC0619259D4FD7002BAA81 /* ViewController.swift in Sources */,
				71DC0615259D4FD7002BAA81 /* AppDelegate.swift in Sources */,
				71DC062A259D5638002BAA81 /* UIView+Extension.swift in Sources */,
				71DC0617259D4FD7002BAA81 /* SceneDelegate.swift in Sources */,
			);
			runOnlyForDeploymentPostprocessing = 0;
		};
/* End PBXSourcesBuildPhase section */

/* Begin PBXVariantGroup section */
		71DC061A259D4FD7002BAA81 /* Main.storyboard */ = {
			isa = PBXVariantGroup;
			children = (
				71DC061B259D4FD7002BAA81 /* Base */,
			);
			name = Main.storyboard;
			sourceTree = "<group>";
		};
		71DC061F259D4FDA002BAA81 /* LaunchScreen.storyboard */ = {
			isa = PBXVariantGroup;
			children = (
				71DC0620259D4FDA002BAA81 /* Base */,
			);
			name = LaunchScreen.storyboard;
			sourceTree = "<group>";
		};
/* End PBXVariantGroup section */

/* Begin XCBuildConfiguration section */
		71DC0623259D4FDA002BAA81 /* Debug */ = {
			isa = XCBuildConfiguration;
			buildSettings = {
				ALWAYS_SEARCH_USER_PATHS = NO;
				CLANG_ANALYZER_NONNULL = YES;
				CLANG_ANALYZER_NUMBER_OBJECT_CONVERSION = YES_AGGRESSIVE;
				CLANG_CXX_LANGUAGE_STANDARD = "gnu++14";
				CLANG_CXX_LIBRARY = "libc++";
				CLANG_ENABLE_MODULES = YES;
				CLANG_ENABLE_OBJC_ARC = YES;
				CLANG_ENABLE_OBJC_WEAK = YES;
				CLANG_WARN_BLOCK_CAPTURE_AUTORELEASING = YES;
				CLANG_WARN_BOOL_CONVERSION = YES;
				CLANG_WARN_COMMA = YES;
				CLANG_WARN_CONSTANT_CONVERSION = YES;
				CLANG_WARN_DEPRECATED_OBJC_IMPLEMENTATIONS = YES;
				CLANG_WARN_DIRECT_OBJC_ISA_USAGE = YES_ERROR;
				CLANG_WARN_DOCUMENTATION_COMMENTS = YES;
				CLANG_WARN_EMPTY_BODY = YES;
				CLANG_WARN_ENUM_CONVERSION = YES;
				CLANG_WARN_INFINITE_RECURSION = YES;
				CLANG_WARN_INT_CONVERSION = YES;
				CLANG_WARN_NON_LITERAL_NULL_CONVERSION = YES;
				CLANG_WARN_OBJC_IMPLICIT_RETAIN_SELF = YES;
				CLANG_WARN_OBJC_LITERAL_CONVERSION = YES;
				CLANG_WARN_OBJC_ROOT_CLASS = YES_ERROR;
				CLANG_WARN_RANGE_LOOP_ANALYSIS = YES;
				CLANG_WARN_STRICT_PROTOTYPES = YES;
				CLANG_WARN_SUSPICIOUS_MOVE = YES;
				CLANG_WARN_UNGUARDED_AVAILABILITY = YES_AGGRESSIVE;
				CLANG_WARN_UNREACHABLE_CODE = YES;
				CLANG_WARN__DUPLICATE_METHOD_MATCH = YES;
				COPY_PHASE_STRIP = NO;
				DEBUG_INFORMATION_FORMAT = dwarf;
				ENABLE_STRICT_OBJC_MSGSEND = YES;
				ENABLE_TESTABILITY = YES;
				GCC_C_LANGUAGE_STANDARD = gnu11;
				GCC_DYNAMIC_NO_PIC = NO;
				GCC_NO_COMMON_BLOCKS = YES;
				GCC_OPTIMIZATION_LEVEL = 0;
				GCC_PREPROCESSOR_DEFINITIONS = (
					"DEBUG=1",
					"$(inherited)",
				);
				GCC_WARN_64_TO_32_BIT_CONVERSION = YES;
				GCC_WARN_ABOUT_RETURN_TYPE = YES_ERROR;
				GCC_WARN_UNDECLARED_SELECTOR = YES;
				GCC_WARN_UNINITIALIZED_AUTOS = YES_AGGRESSIVE;
				GCC_WARN_UNUSED_FUNCTION = YES;
				GCC_WARN_UNUSED_VARIABLE = YES;
				IPHONEOS_DEPLOYMENT_TARGET = 13.6;
				MTL_ENABLE_DEBUG_INFO = INCLUDE_SOURCE;
				MTL_FAST_MATH = YES;
				ONLY_ACTIVE_ARCH = YES;
				SDKROOT = iphoneos;
				SWIFT_ACTIVE_COMPILATION_CONDITIONS = DEBUG;
				SWIFT_OPTIMIZATION_LEVEL = "-Onone";
			};
			name = Debug;
		};
		71DC0624259D4FDA002BAA81 /* Release */ = {
			isa = XCBuildConfiguration;
			buildSettings = {
				ALWAYS_SEARCH_USER_PATHS = NO;
				CLANG_ANALYZER_NONNULL = YES;
				CLANG_ANALYZER_NUMBER_OBJECT_CONVERSION = YES_AGGRESSIVE;
				CLANG_CXX_LANGUAGE_STANDARD = "gnu++14";
				CLANG_CXX_LIBRARY = "libc++";
				CLANG_ENABLE_MODULES = YES;
				CLANG_ENABLE_OBJC_ARC = YES;
				CLANG_ENABLE_OBJC_WEAK = YES;
				CLANG_WARN_BLOCK_CAPTURE_AUTORELEASING = YES;
				CLANG_WARN_BOOL_CONVERSION = YES;
				CLANG_WARN_COMMA = YES;
				CLANG_WARN_CONSTANT_CONVERSION = YES;
				CLANG_WARN_DEPRECATED_OBJC_IMPLEMENTATIONS = YES;
				CLANG_WARN_DIRECT_OBJC_ISA_USAGE = YES_ERROR;
				CLANG_WARN_DOCUMENTATION_COMMENTS = YES;
				CLANG_WARN_EMPTY_BODY = YES;
				CLANG_WARN_ENUM_CONVERSION = YES;
				CLANG_WARN_INFINITE_RECURSION = YES;
				CLANG_WARN_INT_CONVERSION = YES;
				CLANG_WARN_NON_LITERAL_NULL_CONVERSION = YES;
				CLANG_WARN_OBJC_IMPLICIT_RETAIN_SELF = YES;
				CLANG_WARN_OBJC_LITERAL_CONVERSION = YES;
				CLANG_WARN_OBJC_ROOT_CLASS = YES_ERROR;
				CLANG_WARN_RANGE_LOOP_ANALYSIS = YES;
				CLANG_WARN_STRICT_PROTOTYPES = YES;
				CLANG_WARN_SUSPICIOUS_MOVE = YES;
				CLANG_WARN_UNGUARDED_AVAILABILITY = YES_AGGRESSIVE;
				CLANG_WARN_UNREACHABLE_CODE = YES;
				CLANG_WARN__DUPLICATE_METHOD_MATCH = YES;
				COPY_PHASE_STRIP = NO;
				DEBUG_INFORMATION_FORMAT = "dwarf-with-dsym";
				ENABLE_NS_ASSERTIONS = NO;
				ENABLE_STRICT_OBJC_MSGSEND = YES;
				GCC_C_LANGUAGE_STANDARD = gnu11;
				GCC_NO_COMMON_BLOCKS = YES;
				GCC_WARN_64_TO_32_BIT_CONVERSION = YES;
				GCC_WARN_ABOUT_RETURN_TYPE = YES_ERROR;
				GCC_WARN_UNDECLARED_SELECTOR = YES;
				GCC_WARN_UNINITIALIZED_AUTOS = YES_AGGRESSIVE;
				GCC_WARN_UNUSED_FUNCTION = YES;
				GCC_WARN_UNUSED_VARIABLE = YES;
				IPHONEOS_DEPLOYMENT_TARGET = 13.6;
				MTL_ENABLE_DEBUG_INFO = NO;
				MTL_FAST_MATH = YES;
				SDKROOT = iphoneos;
				SWIFT_COMPILATION_MODE = wholemodule;
				SWIFT_OPTIMIZATION_LEVEL = "-O";
				VALIDATE_PRODUCT = YES;
			};
			name = Release;
		};
		71DC0626259D4FDA002BAA81 /* Debug */ = {
			isa = XCBuildConfiguration;
			buildSettings = {
				ASSETCATALOG_COMPILER_APPICON_NAME = AppIcon;
				CODE_SIGN_STYLE = Automatic;
				DEVELOPMENT_TEAM = 8JJ29QPJ4M;
				INFOPLIST_FILE = Speech13/Info.plist;
				LD_RUNPATH_SEARCH_PATHS = (
					"$(inherited)",
					"@executable_path/Frameworks",
				);
				PRODUCT_BUNDLE_IDENTIFIER = com.bizersoft.Speech13;
				PRODUCT_NAME = "$(TARGET_NAME)";
				SWIFT_VERSION = 5.0;
				TARGETED_DEVICE_FAMILY = "1,2";
			};
			name = Debug;
		};
		71DC0627259D4FDA002BAA81 /* Release */ = {
			isa = XCBuildConfiguration;
			buildSettings = {
				ASSETCATALOG_COMPILER_APPICON_NAME = AppIcon;
				CODE_SIGN_STYLE = Automatic;
				DEVELOPMENT_TEAM = 8JJ29QPJ4M;
				INFOPLIST_FILE = Speech13/Info.plist;
				LD_RUNPATH_SEARCH_PATHS = (
					"$(inherited)",
					"@executable_path/Frameworks",
				);
				PRODUCT_BUNDLE_IDENTIFIER = com.bizersoft.Speech13;
				PRODUCT_NAME = "$(TARGET_NAME)";
				SWIFT_VERSION = 5.0;
				TARGETED_DEVICE_FAMILY = "1,2";
			};
			name = Release;
		};
/* End XCBuildConfiguration section */

/* Begin XCConfigurationList section */
		71DC060C259D4FD7002BAA81 /* Build configuration list for PBXProject "Speech13" */ = {
			isa = XCConfigurationList;
			buildConfigurations = (
				71DC0623259D4FDA002BAA81 /* Debug */,
				71DC0624259D4FDA002BAA81 /* Release */,
			);
			defaultConfigurationIsVisible = 0;
			defaultConfigurationName = Release;
		};
		71DC0625259D4FDA002BAA81 /* Build configuration list for PBXNativeTarget "Speech13" */ = {
			isa = XCConfigurationList;
			buildConfigurations = (
				71DC0626259D4FDA002BAA81 /* Debug */,
				71DC0627259D4FDA002BAA81 /* Release */,
			);
			defaultConfigurationIsVisible = 0;
			defaultConfigurationName = Release;
		};
/* End XCConfigurationList section */
	};
	rootObject = 71DC0609259D4FD7002BAA81 /* Project object */;
}
